// !$*UTF8*$!
{
	archiveVersion = 1;
	classes = {
	};
	objectVersion = 56;
	objects = {

/* Begin PBXBuildFile section */
		AB0000000000000000000101 /* NeonSiegeApp.swift in Sources */ = {isa = PBXBuildFile; fileRef = AF0000000000000000000101 /* NeonSiegeApp.swift */; };
		AB0000000000000000000102 /* Theme.swift in Sources */ = {isa = PBXBuildFile; fileRef = AF0000000000000000000102 /* Theme.swift */; };
		AB0000000000000000000103 /* Grid.swift in Sources */ = {isa = PBXBuildFile; fileRef = AF0000000000000000000103 /* Grid.swift */; };
		AB0000000000000000000104 /* LevelLibrary.swift in Sources */ = {isa = PBXBuildFile; fileRef = AF0000000000000000000104 /* LevelLibrary.swift */; };
		AB0000000000000000000105 /* Enemy.swift in Sources */ = {isa = PBXBuildFile; fileRef = AF0000000000000000000105 /* Enemy.swift */; };
		AB0000000000000000000106 /* Tower.swift in Sources */ = {isa = PBXBuildFile; fileRef = AF0000000000000000000106 /* Tower.swift */; };
		AB0000000000000000000107 /* Effects.swift in Sources */ = {isa = PBXBuildFile; fileRef = AF0000000000000000000107 /* Effects.swift */; };
		AB0000000000000000000108 /* HUD.swift in Sources */ = {isa = PBXBuildFile; fileRef = AF0000000000000000000108 /* HUD.swift */; };
		AB0000000000000000000109 /* GameScene.swift in Sources */ = {isa = PBXBuildFile; fileRef = AF0000000000000000000109 /* GameScene.swift */; };
		AB0000000000000000000110 /* MenuScene.swift in Sources */ = {isa = PBXBuildFile; fileRef = AF0000000000000000000110 /* MenuScene.swift */; };
		AB0000000000000000000111 /* Assets.xcassets in Resources */ = {isa = PBXBuildFile; fileRef = AF0000000000000000000111 /* Assets.xcassets */; };
		AB0000000000000000000112 /* Sounds.swift in Sources */ = {isa = PBXBuildFile; fileRef = AF0000000000000000000112 /* Sounds.swift */; };
		AB0000000000000000000113 /* music_loop.wav in Resources */ = {isa = PBXBuildFile; fileRef = AF0000000000000000000113 /* music_loop.wav */; };
		AB0000000000000000000114 /* sfx_arc.wav in Resources */ = {isa = PBXBuildFile; fileRef = AF0000000000000000000114 /* sfx_arc.wav */; };
		AB0000000000000000000115 /* sfx_blocked.wav in Resources */ = {isa = PBXBuildFile; fileRef = AF0000000000000000000115 /* sfx_blocked.wav */; };
		AB0000000000000000000116 /* sfx_cryo.wav in Resources */ = {isa = PBXBuildFile; fileRef = AF0000000000000000000116 /* sfx_cryo.wav */; };
		AB0000000000000000000117 /* sfx_die.wav in Resources */ = {isa = PBXBuildFile; fileRef = AF0000000000000000000117 /* sfx_die.wav */; };
		AB0000000000000000000118 /* sfx_lose.wav in Resources */ = {isa = PBXBuildFile; fileRef = AF0000000000000000000118 /* sfx_lose.wav */; };
		AB0000000000000000000119 /* sfx_place.wav in Resources */ = {isa = PBXBuildFile; fileRef = AF0000000000000000000119 /* sfx_place.wav */; };
		AB0000000000000000000120 /* sfx_pulse.wav in Resources */ = {isa = PBXBuildFile; fileRef = AF0000000000000000000120 /* sfx_pulse.wav */; };
		AB0000000000000000000121 /* sfx_rail.wav in Resources */ = {isa = PBXBuildFile; fileRef = AF0000000000000000000121 /* sfx_rail.wav */; };
		AB0000000000000000000122 /* sfx_rescued.wav in Resources */ = {isa = PBXBuildFile; fileRef = AF0000000000000000000122 /* sfx_rescued.wav */; };
		AB0000000000000000000123 /* sfx_sell.wav in Resources */ = {isa = PBXBuildFile; fileRef = AF0000000000000000000123 /* sfx_sell.wav */; };
		AB0000000000000000000124 /* sfx_stolen.wav in Resources */ = {isa = PBXBuildFile; fileRef = AF0000000000000000000124 /* sfx_stolen.wav */; };
		AB0000000000000000000125 /* sfx_tap.wav in Resources */ = {isa = PBXBuildFile; fileRef = AF0000000000000000000125 /* sfx_tap.wav */; };
		AB0000000000000000000126 /* sfx_teleport.wav in Resources */ = {isa = PBXBuildFile; fileRef = AF0000000000000000000126 /* sfx_teleport.wav */; };
		AB0000000000000000000127 /* sfx_upgrade.wav in Resources */ = {isa = PBXBuildFile; fileRef = AF0000000000000000000127 /* sfx_upgrade.wav */; };
		AB0000000000000000000128 /* sfx_wave.wav in Resources */ = {isa = PBXBuildFile; fileRef = AF0000000000000000000128 /* sfx_wave.wav */; };
		AB0000000000000000000129 /* sfx_win.wav in Resources */ = {isa = PBXBuildFile; fileRef = AF0000000000000000000129 /* sfx_win.wav */; };
		AB0000000000000000000201 /* NeonSiegeApp.swift in Sources (Mac) */ = {isa = PBXBuildFile; fileRef = AF0000000000000000000101 /* NeonSiegeApp.swift */; };
		AB0000000000000000000202 /* Theme.swift in Sources (Mac) */ = {isa = PBXBuildFile; fileRef = AF0000000000000000000102 /* Theme.swift */; };
		AB0000000000000000000203 /* Grid.swift in Sources (Mac) */ = {isa = PBXBuildFile; fileRef = AF0000000000000000000103 /* Grid.swift */; };
		AB0000000000000000000204 /* LevelLibrary.swift in Sources (Mac) */ = {isa = PBXBuildFile; fileRef = AF0000000000000000000104 /* LevelLibrary.swift */; };
		AB0000000000000000000205 /* Enemy.swift in Sources (Mac) */ = {isa = PBXBuildFile; fileRef = AF0000000000000000000105 /* Enemy.swift */; };
		AB0000000000000000000206 /* Tower.swift in Sources (Mac) */ = {isa = PBXBuildFile; fileRef = AF0000000000000000000106 /* Tower.swift */; };
		AB0000000000000000000207 /* Effects.swift in Sources (Mac) */ = {isa = PBXBuildFile; fileRef = AF0000000000000000000107 /* Effects.swift */; };
		AB0000000000000000000208 /* HUD.swift in Sources (Mac) */ = {isa = PBXBuildFile; fileRef = AF0000000000000000000108 /* HUD.swift */; };
		AB0000000000000000000209 /* GameScene.swift in Sources (Mac) */ = {isa = PBXBuildFile; fileRef = AF0000000000000000000109 /* GameScene.swift */; };
		AB0000000000000000000210 /* MenuScene.swift in Sources (Mac) */ = {isa = PBXBuildFile; fileRef = AF0000000000000000000110 /* MenuScene.swift */; };
		AB0000000000000000000212 /* Sounds.swift in Sources (Mac) */ = {isa = PBXBuildFile; fileRef = AF0000000000000000000112 /* Sounds.swift */; };
		AB0000000000000000000211 /* Assets.xcassets in Resources (Mac) */ = {isa = PBXBuildFile; fileRef = AF0000000000000000000111 /* Assets.xcassets */; };
		AB0000000000000000000213 /* music_loop.wav in Resources (Mac) */ = {isa = PBXBuildFile; fileRef = AF0000000000000000000113 /* music_loop.wav */; };
		AB0000000000000000000214 /* sfx_arc.wav in Resources (Mac) */ = {isa = PBXBuildFile; fileRef = AF0000000000000000000114 /* sfx_arc.wav */; };
		AB0000000000000000000215 /* sfx_blocked.wav in Resources (Mac) */ = {isa = PBXBuildFile; fileRef = AF0000000000000000000115 /* sfx_blocked.wav */; };
		AB0000000000000000000216 /* sfx_cryo.wav in Resources (Mac) */ = {isa = PBXBuildFile; fileRef = AF0000000000000000000116 /* sfx_cryo.wav */; };
		AB0000000000000000000217 /* sfx_die.wav in Resources (Mac) */ = {isa = PBXBuildFile; fileRef = AF0000000000000000000117 /* sfx_die.wav */; };
		AB0000000000000000000218 /* sfx_lose.wav in Resources (Mac) */ = {isa = PBXBuildFile; fileRef = AF0000000000000000000118 /* sfx_lose.wav */; };
		AB0000000000000000000219 /* sfx_place.wav in Resources (Mac) */ = {isa = PBXBuildFile; fileRef = AF0000000000000000000119 /* sfx_place.wav */; };
		AB0000000000000000000220 /* sfx_pulse.wav in Resources (Mac) */ = {isa = PBXBuildFile; fileRef = AF0000000000000000000120 /* sfx_pulse.wav */; };
		AB0000000000000000000221 /* sfx_rail.wav in Resources (Mac) */ = {isa = PBXBuildFile; fileRef = AF0000000000000000000121 /* sfx_rail.wav */; };
		AB0000000000000000000222 /* sfx_rescued.wav in Resources (Mac) */ = {isa = PBXBuildFile; fileRef = AF0000000000000000000122 /* sfx_rescued.wav */; };
		AB0000000000000000000223 /* sfx_sell.wav in Resources (Mac) */ = {isa = PBXBuildFile; fileRef = AF0000000000000000000123 /* sfx_sell.wav */; };
		AB0000000000000000000224 /* sfx_stolen.wav in Resources (Mac) */ = {isa = PBXBuildFile; fileRef = AF0000000000000000000124 /* sfx_stolen.wav */; };
		AB0000000000000000000225 /* sfx_tap.wav in Resources (Mac) */ = {isa = PBXBuildFile; fileRef = AF0000000000000000000125 /* sfx_tap.wav */; };
		AB0000000000000000000226 /* sfx_teleport.wav in Resources (Mac) */ = {isa = PBXBuildFile; fileRef = AF0000000000000000000126 /* sfx_teleport.wav */; };
		AB0000000000000000000227 /* sfx_upgrade.wav in Resources (Mac) */ = {isa = PBXBuildFile; fileRef = AF0000000000000000000127 /* sfx_upgrade.wav */; };
		AB0000000000000000000228 /* sfx_wave.wav in Resources (Mac) */ = {isa = PBXBuildFile; fileRef = AF0000000000000000000128 /* sfx_wave.wav */; };
		AB0000000000000000000229 /* sfx_win.wav in Resources (Mac) */ = {isa = PBXBuildFile; fileRef = AF0000000000000000000129 /* sfx_win.wav */; };
/* End PBXBuildFile section */

/* Begin PBXFileReference section */
		AF0000000000000000000100 /* NeonSiege.app */ = {isa = PBXFileReference; explicitFileType = wrapper.application; includeInIndex = 0; path = NeonSiege.app; sourceTree = BUILT_PRODUCTS_DIR; };
		AF0000000000000000000200 /* NeonSiegeMac.app */ = {isa = PBXFileReference; explicitFileType = wrapper.application; includeInIndex = 0; path = NeonSiegeMac.app; sourceTree = BUILT_PRODUCTS_DIR; };
		AF0000000000000000000101 /* NeonSiegeApp.swift */ = {isa = PBXFileReference; lastKnownFileType = sourcecode.swift; path = NeonSiegeApp.swift; sourceTree = "<group>"; };
		AF0000000000000000000102 /* Theme.swift */ = {isa = PBXFileReference; lastKnownFileType = sourcecode.swift; path = Theme.swift; sourceTree = "<group>"; };
		AF0000000000000000000103 /* Grid.swift */ = {isa = PBXFileReference; lastKnownFileType = sourcecode.swift; path = Grid.swift; sourceTree = "<group>"; };
		AF0000000000000000000104 /* LevelLibrary.swift */ = {isa = PBXFileReference; lastKnownFileType = sourcecode.swift; path = LevelLibrary.swift; sourceTree = "<group>"; };
		AF0000000000000000000105 /* Enemy.swift */ = {isa = PBXFileReference; lastKnownFileType = sourcecode.swift; path = Enemy.swift; sourceTree = "<group>"; };
		AF0000000000000000000106 /* Tower.swift */ = {isa = PBXFileReference; lastKnownFileType = sourcecode.swift; path = Tower.swift; sourceTree = "<group>"; };
		AF0000000000000000000107 /* Effects.swift */ = {isa = PBXFileReference; lastKnownFileType = sourcecode.swift; path = Effects.swift; sourceTree = "<group>"; };
		AF0000000000000000000108 /* HUD.swift */ = {isa = PBXFileReference; lastKnownFileType = sourcecode.swift; path = HUD.swift; sourceTree = "<group>"; };
		AF0000000000000000000109 /* GameScene.swift */ = {isa = PBXFileReference; lastKnownFileType = sourcecode.swift; path = GameScene.swift; sourceTree = "<group>"; };
		AF0000000000000000000110 /* MenuScene.swift */ = {isa = PBXFileReference; lastKnownFileType = sourcecode.swift; path = MenuScene.swift; sourceTree = "<group>"; };
		AF0000000000000000000111 /* Assets.xcassets */ = {isa = PBXFileReference; lastKnownFileType = folder.assetcatalog; path = Assets.xcassets; sourceTree = "<group>"; };
		AF0000000000000000000112 /* Sounds.swift */ = {isa = PBXFileReference; lastKnownFileType = sourcecode.swift; path = Sounds.swift; sourceTree = "<group>"; };
		AF0000000000000000000113 /* music_loop.wav */ = {isa = PBXFileReference; lastKnownFileType = audio.wav; path = music_loop.wav; sourceTree = "<group>"; };
		AF0000000000000000000114 /* sfx_arc.wav */ = {isa = PBXFileReference; lastKnownFileType = audio.wav; path = sfx_arc.wav; sourceTree = "<group>"; };
		AF0000000000000000000115 /* sfx_blocked.wav */ = {isa = PBXFileReference; lastKnownFileType = audio.wav; path = sfx_blocked.wav; sourceTree = "<group>"; };
		AF0000000000000000000116 /* sfx_cryo.wav */ = {isa = PBXFileReference; lastKnownFileType = audio.wav; path = sfx_cryo.wav; sourceTree = "<group>"; };
		AF0000000000000000000117 /* sfx_die.wav */ = {isa = PBXFileReference; lastKnownFileType = audio.wav; path = sfx_die.wav; sourceTree = "<group>"; };
		AF0000000000000000000118 /* sfx_lose.wav */ = {isa = PBXFileReference; lastKnownFileType = audio.wav; path = sfx_lose.wav; sourceTree = "<group>"; };
		AF0000000000000000000119 /* sfx_place.wav */ = {isa = PBXFileReference; lastKnownFileType = audio.wav; path = sfx_place.wav; sourceTree = "<group>"; };
		AF0000000000000000000120 /* sfx_pulse.wav */ = {isa = PBXFileReference; lastKnownFileType = audio.wav; path = sfx_pulse.wav; sourceTree = "<group>"; };
		AF0000000000000000000121 /* sfx_rail.wav */ = {isa = PBXFileReference; lastKnownFileType = audio.wav; path = sfx_rail.wav; sourceTree = "<group>"; };
		AF0000000000000000000122 /* sfx_rescued.wav */ = {isa = PBXFileReference; lastKnownFileType = audio.wav; path = sfx_rescued.wav; sourceTree = "<group>"; };
		AF0000000000000000000123 /* sfx_sell.wav */ = {isa = PBXFileReference; lastKnownFileType = audio.wav; path = sfx_sell.wav; sourceTree = "<group>"; };
		AF0000000000000000000124 /* sfx_stolen.wav */ = {isa = PBXFileReference; lastKnownFileType = audio.wav; path = sfx_stolen.wav; sourceTree = "<group>"; };
		AF0000000000000000000125 /* sfx_tap.wav */ = {isa = PBXFileReference; lastKnownFileType = audio.wav; path = sfx_tap.wav; sourceTree = "<group>"; };
		AF0000000000000000000126 /* sfx_teleport.wav */ = {isa = PBXFileReference; lastKnownFileType = audio.wav; path = sfx_teleport.wav; sourceTree = "<group>"; };
		AF0000000000000000000127 /* sfx_upgrade.wav */ = {isa = PBXFileReference; lastKnownFileType = audio.wav; path = sfx_upgrade.wav; sourceTree = "<group>"; };
		AF0000000000000000000128 /* sfx_wave.wav */ = {isa = PBXFileReference; lastKnownFileType = audio.wav; path = sfx_wave.wav; sourceTree = "<group>"; };
		AF0000000000000000000129 /* sfx_win.wav */ = {isa = PBXFileReference; lastKnownFileType = audio.wav; path = sfx_win.wav; sourceTree = "<group>"; };
/* End PBXFileReference section */

/* Begin PBXFrameworksBuildPhase section */
		AC0000000000000000000100 /* Frameworks */ = {
			isa = PBXFrameworksBuildPhase;
			buildActionMask = 2147483647;
			files = (
			);
			runOnlyForDeploymentPostprocessing = 0;
		};
		AC0000000000000000000200 /* Frameworks */ = {
			isa = PBXFrameworksBuildPhase;
			buildActionMask = 2147483647;
			files = (
			);
			runOnlyForDeploymentPostprocessing = 0;
		};
/* End PBXFrameworksBuildPhase section */

/* Begin PBXGroup section */
		AD0000000000000000000100 = {
			isa = PBXGroup;
			children = (
				AD0000000000000000000101 /* NeonSiege */,
				AD0000000000000000000102 /* Products */,
			);
			sourceTree = "<group>";
		};
		AD0000000000000000000101 /* NeonSiege */ = {
			isa = PBXGroup;
			children = (
				AF0000000000000000000101 /* NeonSiegeApp.swift */,
				AF0000000000000000000102 /* Theme.swift */,
				AF0000000000000000000103 /* Grid.swift */,
				AF0000000000000000000104 /* LevelLibrary.swift */,
				AF0000000000000000000105 /* Enemy.swift */,
				AF0000000000000000000106 /* Tower.swift */,
				AF0000000000000000000107 /* Effects.swift */,
				AF0000000000000000000108 /* HUD.swift */,
				AF0000000000000000000109 /* GameScene.swift */,
				AF0000000000000000000110 /* MenuScene.swift */,
				AF0000000000000000000112 /* Sounds.swift */,
				AF0000000000000000000111 /* Assets.xcassets */,
				AD0000000000000000000103 /* Sounds */,
			);
			path = NeonSiege;
			sourceTree = "<group>";
		};
		AD0000000000000000000103 /* Sounds */ = {
			isa = PBXGroup;
			children = (
				AF0000000000000000000113 /* music_loop.wav */,
				AF0000000000000000000114 /* sfx_arc.wav */,
				AF0000000000000000000115 /* sfx_blocked.wav */,
				AF0000000000000000000116 /* sfx_cryo.wav */,
				AF0000000000000000000117 /* sfx_die.wav */,
				AF0000000000000000000118 /* sfx_lose.wav */,
				AF0000000000000000000119 /* sfx_place.wav */,
				AF0000000000000000000120 /* sfx_pulse.wav */,
				AF0000000000000000000121 /* sfx_rail.wav */,
				AF0000000000000000000122 /* sfx_rescued.wav */,
				AF0000000000000000000123 /* sfx_sell.wav */,
				AF0000000000000000000124 /* sfx_stolen.wav */,
				AF0000000000000000000125 /* sfx_tap.wav */,
				AF0000000000000000000126 /* sfx_teleport.wav */,
				AF0000000000000000000127 /* sfx_upgrade.wav */,
				AF0000000000000000000128 /* sfx_wave.wav */,
				AF0000000000000000000129 /* sfx_win.wav */,
			);
			path = Sounds;
			sourceTree = "<group>";
		};
		AD0000000000000000000102 /* Products */ = {
			isa = PBXGroup;
			children = (
				AF0000000000000000000100 /* NeonSiege.app */,
				AF0000000000000000000200 /* NeonSiegeMac.app */,
			);
			name = Products;
			sourceTree = "<group>";
		};
/* End PBXGroup section */

/* Begin PBXNativeTarget section */
		AE0000000000000000000100 /* NeonSiege */ = {
			isa = PBXNativeTarget;
			buildConfigurationList = BA0000000000000000000102 /* Build configuration list for PBXNativeTarget "NeonSiege" */;
			buildPhases = (
				BB0000000000000000000100 /* Sources */,
				AC0000000000000000000100 /* Frameworks */,
				BC0000000000000000000100 /* Resources */,
			);
			buildRules = (
			);
			dependencies = (
			);
			name = NeonSiege;
			productName = NeonSiege;
			productReference = AF0000000000000000000100 /* NeonSiege.app */;
			productType = "com.apple.product-type.application";
		};
		AE0000000000000000000200 /* NeonSiegeMac */ = {
			isa = PBXNativeTarget;
			buildConfigurationList = BA0000000000000000000202 /* Build configuration list for PBXNativeTarget "NeonSiegeMac" */;
			buildPhases = (
				BB0000000000000000000200 /* Sources */,
				AC0000000000000000000200 /* Frameworks */,
				BC0000000000000000000200 /* Resources */,
			);
			buildRules = (
			);
			dependencies = (
			);
			name = NeonSiegeMac;
			productName = NeonSiegeMac;
			productReference = AF0000000000000000000200 /* NeonSiegeMac.app */;
			productType = "com.apple.product-type.application";
		};
/* End PBXNativeTarget section */

/* Begin PBXProject section */
		BD0000000000000000000100 /* Project object */ = {
			isa = PBXProject;
			attributes = {
				BuildIndependentTargetsInParallel = 1;
				LastSwiftUpdateCheck = 1500;
				LastUpgradeCheck = 1500;
				TargetAttributes = {
					AE0000000000000000000100 = {
						CreatedOnToolsVersion = 15.0;
					};
					AE0000000000000000000200 = {
						CreatedOnToolsVersion = 15.0;
					};
				};
			};
			buildConfigurationList = BA0000000000000000000101 /* Build configuration list for PBXProject "NeonSiege" */;
			compatibilityVersion = "Xcode 14.0";
			developmentRegion = en;
			hasScannedForEncodings = 0;
			knownRegions = (
				en,
				Base,
			);
			mainGroup = AD0000000000000000000100;
			productRefGroup = AD0000000000000000000102 /* Products */;
			projectDirPath = "";
			projectRoot = "";
			targets = (
				AE0000000000000000000100 /* NeonSiege */,
				AE0000000000000000000200 /* NeonSiegeMac */,
			);
		};
/* End PBXProject section */

/* Begin PBXResourcesBuildPhase section */
		BC0000000000000000000100 /* Resources */ = {
			isa = PBXResourcesBuildPhase;
			buildActionMask = 2147483647;
			files = (
				AB0000000000000000000111 /* Assets.xcassets in Resources */,
				AB0000000000000000000113 /* music_loop.wav in Resources */,
				AB0000000000000000000114 /* sfx_arc.wav in Resources */,
				AB0000000000000000000115 /* sfx_blocked.wav in Resources */,
				AB0000000000000000000116 /* sfx_cryo.wav in Resources */,
				AB0000000000000000000117 /* sfx_die.wav in Resources */,
				AB0000000000000000000118 /* sfx_lose.wav in Resources */,
				AB0000000000000000000119 /* sfx_place.wav in Resources */,
				AB0000000000000000000120 /* sfx_pulse.wav in Resources */,
				AB0000000000000000000121 /* sfx_rail.wav in Resources */,
				AB0000000000000000000122 /* sfx_rescued.wav in Resources */,
				AB0000000000000000000123 /* sfx_sell.wav in Resources */,
				AB0000000000000000000124 /* sfx_stolen.wav in Resources */,
				AB0000000000000000000125 /* sfx_tap.wav in Resources */,
				AB0000000000000000000126 /* sfx_teleport.wav in Resources */,
				AB0000000000000000000127 /* sfx_upgrade.wav in Resources */,
				AB0000000000000000000128 /* sfx_wave.wav in Resources */,
				AB0000000000000000000129 /* sfx_win.wav in Resources */,
			);
			runOnlyForDeploymentPostprocessing = 0;
		};
		BC0000000000000000000200 /* Resources */ = {
			isa = PBXResourcesBuildPhase;
			buildActionMask = 2147483647;
			files = (
				AB0000000000000000000211 /* Assets.xcassets in Resources (Mac) */,
				AB0000000000000000000213 /* music_loop.wav in Resources (Mac) */,
				AB0000000000000000000214 /* sfx_arc.wav in Resources (Mac) */,
				AB0000000000000000000215 /* sfx_blocked.wav in Resources (Mac) */,
				AB0000000000000000000216 /* sfx_cryo.wav in Resources (Mac) */,
				AB0000000000000000000217 /* sfx_die.wav in Resources (Mac) */,
				AB0000000000000000000218 /* sfx_lose.wav in Resources (Mac) */,
				AB0000000000000000000219 /* sfx_place.wav in Resources (Mac) */,
				AB0000000000000000000220 /* sfx_pulse.wav in Resources (Mac) */,
				AB0000000000000000000221 /* sfx_rail.wav in Resources (Mac) */,
				AB0000000000000000000222 /* sfx_rescued.wav in Resources (Mac) */,
				AB0000000000000000000223 /* sfx_sell.wav in Resources (Mac) */,
				AB0000000000000000000224 /* sfx_stolen.wav in Resources (Mac) */,
				AB0000000000000000000225 /* sfx_tap.wav in Resources (Mac) */,
				AB0000000000000000000226 /* sfx_teleport.wav in Resources (Mac) */,
				AB0000000000000000000227 /* sfx_upgrade.wav in Resources (Mac) */,
				AB0000000000000000000228 /* sfx_wave.wav in Resources (Mac) */,
				AB0000000000000000000229 /* sfx_win.wav in Resources (Mac) */,
			);
			runOnlyForDeploymentPostprocessing = 0;
		};
/* End PBXResourcesBuildPhase section */

/* Begin PBXSourcesBuildPhase section */
		BB0000000000000000000100 /* Sources */ = {
			isa = PBXSourcesBuildPhase;
			buildActionMask = 2147483647;
			files = (
				AB0000000000000000000101 /* NeonSiegeApp.swift in Sources */,
				AB0000000000000000000102 /* Theme.swift in Sources */,
				AB0000000000000000000103 /* Grid.swift in Sources */,
				AB0000000000000000000104 /* LevelLibrary.swift in Sources */,
				AB0000000000000000000105 /* Enemy.swift in Sources */,
				AB0000000000000000000106 /* Tower.swift in Sources */,
				AB0000000000000000000107 /* Effects.swift in Sources */,
				AB0000000000000000000108 /* HUD.swift in Sources */,
				AB0000000000000000000109 /* GameScene.swift in Sources */,
				AB0000000000000000000110 /* MenuScene.swift in Sources */,
				AB0000000000000000000112 /* Sounds.swift in Sources */,
			);
			runOnlyForDeploymentPostprocessing = 0;
		};
		BB0000000000000000000200 /* Sources */ = {
			isa = PBXSourcesBuildPhase;
			buildActionMask = 2147483647;
			files = (
				AB0000000000000000000201 /* NeonSiegeApp.swift in Sources (Mac) */,
				AB0000000000000000000202 /* Theme.swift in Sources (Mac) */,
				AB0000000000000000000203 /* Grid.swift in Sources (Mac) */,
				AB0000000000000000000204 /* LevelLibrary.swift in Sources (Mac) */,
				AB0000000000000000000205 /* Enemy.swift in Sources (Mac) */,
				AB0000000000000000000206 /* Tower.swift in Sources (Mac) */,
				AB0000000000000000000207 /* Effects.swift in Sources (Mac) */,
				AB0000000000000000000208 /* HUD.swift in Sources (Mac) */,
				AB0000000000000000000209 /* GameScene.swift in Sources (Mac) */,
				AB0000000000000000000210 /* MenuScene.swift in Sources (Mac) */,
				AB0000000000000000000212 /* Sounds.swift in Sources (Mac) */,
			);
			runOnlyForDeploymentPostprocessing = 0;
		};
/* End PBXSourcesBuildPhase section */

/* Begin XCBuildConfiguration section */
		BE0000000000000000000101 /* Debug */ = {
			isa = XCBuildConfiguration;
			buildSettings = {
				ALWAYS_SEARCH_USER_PATHS = NO;
				ASSETCATALOG_COMPILER_GENERATE_SWIFT_ASSET_SYMBOL_EXTENSIONS = YES;
				CLANG_ANALYZER_NONNULL = YES;
				CLANG_ANALYZER_NUMBER_OBJECT_CONVERSION = YES_AGGRESSIVE;
				CLANG_CXX_LANGUAGE_STANDARD = "gnu++20";
				CLANG_ENABLE_MODULES = YES;
				CLANG_ENABLE_OBJC_ARC = YES;
				CLANG_ENABLE_OBJC_WEAK = YES;
				CLANG_WARN_BLOCK_CAPTURE_AUTORELEASING = YES;
				CLANG_WARN_BOOL_CONVERSION = YES;
				CLANG_WARN_COMMA = YES;
				CLANG_WARN_CONSTANT_CONVERSION = YES;
				CLANG_WARN_DEPRECATED_OBJC_IMPLEMENTATIONS = YES;
				CLANG_WARN_DIRECT_OBJC_ISA_USAGE = YES_ERROR;
				CLANG_WARN_DOCUMENTATION_COMMENTS = YES;
				CLANG_WARN_EMPTY_BODY = YES;
				CLANG_WARN_ENUM_CONVERSION = YES;
				CLANG_WARN_INFINITE_RECURSION = YES;
				CLANG_WARN_INT_CONVERSION = YES;
				CLANG_WARN_NON_LITERAL_NULL_CONVERSION = YES;
				CLANG_WARN_OBJC_IMPLICIT_RETAIN_SELF = YES;
				CLANG_WARN_OBJC_LITERAL_CONVERSION = YES;
				CLANG_WARN_OBJC_ROOT_CLASS = YES_ERROR;
				CLANG_WARN_QUOTED_INCLUDE_IN_FRAMEWORK_HEADER = YES;
				CLANG_WARN_RANGE_LOOP_ANALYSIS = YES;
				CLANG_WARN_STRICT_PROTOTYPES = YES;
				CLANG_WARN_SUSPICIOUS_MOVE = YES;
				CLANG_WARN_UNGUARDED_AVAILABILITY = YES_AGGRESSIVE;
				CLANG_WARN_UNREACHABLE_CODE = YES;
				CLANG_WARN__DUPLICATE_METHOD_MATCH = YES;
				COPY_PHASE_STRIP = NO;
				DEBUG_INFORMATION_FORMAT = dwarf;
				ENABLE_STRICT_OBJC_MSGSEND = YES;
				ENABLE_TESTABILITY = YES;
				ENABLE_USER_SCRIPT_SANDBOXING = YES;
				GCC_C_LANGUAGE_STANDARD = gnu17;
				GCC_DYNAMIC_NO_PIC = NO;
				GCC_NO_COMMON_BLOCKS = YES;
				GCC_OPTIMIZATION_LEVEL = 0;
				GCC_PREPROCESSOR_DEFINITIONS = (
					"DEBUG=1",
					"$(inherited)",
				);
				GCC_WARN_64_TO_32_BIT_CONVERSION = YES;
				GCC_WARN_ABOUT_RETURN_TYPE = YES_ERROR;
				GCC_WARN_UNDECLARED_SELECTOR = YES;
				GCC_WARN_UNINITIALIZED_AUTOS = YES_AGGRESSIVE;
				GCC_WARN_UNUSED_FUNCTION = YES;
				GCC_WARN_UNUSED_VARIABLE = YES;
				IPHONEOS_DEPLOYMENT_TARGET = 16.0;
				LOCALIZATION_PREFERS_STRING_CATALOGS = YES;
				MTL_ENABLE_DEBUG_INFO = INCLUDE_SOURCE;
				MTL_FAST_MATH = YES;
				ONLY_ACTIVE_ARCH = YES;
				SDKROOT = iphoneos;
				SWIFT_ACTIVE_COMPILATION_CONDITIONS = "DEBUG $(inherited)";
				SWIFT_OPTIMIZATION_LEVEL = "-Onone";
			};
			name = Debug;
		};
		BE0000000000000000000102 /* Release */ = {
			isa = XCBuildConfiguration;
			buildSettings = {
				ALWAYS_SEARCH_USER_PATHS = NO;
				ASSETCATALOG_COMPILER_GENERATE_SWIFT_ASSET_SYMBOL_EXTENSIONS = YES;
				CLANG_ANALYZER_NONNULL = YES;
				CLANG_ANALYZER_NUMBER_OBJECT_CONVERSION = YES_AGGRESSIVE;
				CLANG_CXX_LANGUAGE_STANDARD = "gnu++20";
				CLANG_ENABLE_MODULES = YES;
				CLANG_ENABLE_OBJC_ARC = YES;
				CLANG_ENABLE_OBJC_WEAK = YES;
				CLANG_WARN_BLOCK_CAPTURE_AUTORELEASING = YES;
				CLANG_WARN_BOOL_CONVERSION = YES;
				CLANG_WARN_COMMA = YES;
				CLANG_WARN_CONSTANT_CONVERSION = YES;
				CLANG_WARN_DEPRECATED_OBJC_IMPLEMENTATIONS = YES;
				CLANG_WARN_DIRECT_OBJC_ISA_USAGE = YES_ERROR;
				CLANG_WARN_DOCUMENTATION_COMMENTS = YES;
				CLANG_WARN_EMPTY_BODY = YES;
				CLANG_WARN_ENUM_CONVERSION = YES;
				CLANG_WARN_INFINITE_RECURSION = YES;
				CLANG_WARN_INT_CONVERSION = YES;
				CLANG_WARN_NON_LITERAL_NULL_CONVERSION = YES;
				CLANG_WARN_OBJC_IMPLICIT_RETAIN_SELF = YES;
				CLANG_WARN_OBJC_LITERAL_CONVERSION = YES;
				CLANG_WARN_OBJC_ROOT_CLASS = YES_ERROR;
				CLANG_WARN_QUOTED_INCLUDE_IN_FRAMEWORK_HEADER = YES;
				CLANG_WARN_RANGE_LOOP_ANALYSIS = YES;
				CLANG_WARN_STRICT_PROTOTYPES = YES;
				CLANG_WARN_SUSPICIOUS_MOVE = YES;
				CLANG_WARN_UNGUARDED_AVAILABILITY = YES_AGGRESSIVE;
				CLANG_WARN_UNREACHABLE_CODE = YES;
				CLANG_WARN__DUPLICATE_METHOD_MATCH = YES;
				COPY_PHASE_STRIP = NO;
				DEBUG_INFORMATION_FORMAT = "dwarf-with-dsym";
				ENABLE_NS_ASSERTIONS = NO;
				ENABLE_STRICT_OBJC_MSGSEND = YES;
				ENABLE_USER_SCRIPT_SANDBOXING = YES;
				GCC_C_LANGUAGE_STANDARD = gnu17;
				GCC_NO_COMMON_BLOCKS = YES;
				GCC_WARN_64_TO_32_BIT_CONVERSION = YES;
				GCC_WARN_ABOUT_RETURN_TYPE = YES_ERROR;
				GCC_WARN_UNDECLARED_SELECTOR = YES;
				GCC_WARN_UNINITIALIZED_AUTOS = YES_AGGRESSIVE;
				GCC_WARN_UNUSED_FUNCTION = YES;
				GCC_WARN_UNUSED_VARIABLE = YES;
				IPHONEOS_DEPLOYMENT_TARGET = 16.0;
				LOCALIZATION_PREFERS_STRING_CATALOGS = YES;
				MTL_ENABLE_DEBUG_INFO = NO;
				MTL_FAST_MATH = YES;
				SDKROOT = iphoneos;
				SWIFT_COMPILATION_MODE = wholemodule;
				VALIDATE_PRODUCT = YES;
			};
			name = Release;
		};
		BE0000000000000000000103 /* Debug */ = {
			isa = XCBuildConfiguration;
			buildSettings = {
				ASSETCATALOG_COMPILER_APPICON_NAME = AppIcon;
				CODE_SIGN_STYLE = Automatic;
				CURRENT_PROJECT_VERSION = 1;
				DEVELOPMENT_TEAM = "";
				ENABLE_PREVIEWS = YES;
				GENERATE_INFOPLIST_FILE = YES;
				INFOPLIST_KEY_CFBundleDisplayName = NeonSiege;
				INFOPLIST_KEY_UIApplicationSupportsIndirectInputEvents = YES;
				INFOPLIST_KEY_UILaunchScreen_Generation = YES;
				INFOPLIST_KEY_UIRequiresFullScreen = YES;
				INFOPLIST_KEY_UIStatusBarHidden = YES;
				INFOPLIST_KEY_UISupportedInterfaceOrientations = "UIInterfaceOrientationLandscapeLeft UIInterfaceOrientationLandscapeRight";
				"INFOPLIST_KEY_UISupportedInterfaceOrientations[sdk=iphoneos*]" = "UIInterfaceOrientationLandscapeLeft UIInterfaceOrientationLandscapeRight";
				LD_RUNPATH_SEARCH_PATHS = (
					"$(inherited)",
					"@executable_path/Frameworks",
				);
				MARKETING_VERSION = 1.3;
				PRODUCT_BUNDLE_IDENTIFIER = com.example.NeonSiege;
				PRODUCT_NAME = "$(TARGET_NAME)";
				SWIFT_EMIT_LOC_STRINGS = YES;
				SWIFT_VERSION = 5.0;
				TARGETED_DEVICE_FAMILY = "1,2";
			};
			name = Debug;
		};
		BE0000000000000000000104 /* Release */ = {
			isa = XCBuildConfiguration;
			buildSettings = {
				ASSETCATALOG_COMPILER_APPICON_NAME = AppIcon;
				CODE_SIGN_STYLE = Automatic;
				CURRENT_PROJECT_VERSION = 1;
				DEVELOPMENT_TEAM = "";
				ENABLE_PREVIEWS = YES;
				GENERATE_INFOPLIST_FILE = YES;
				INFOPLIST_KEY_CFBundleDisplayName = NeonSiege;
				INFOPLIST_KEY_UIApplicationSupportsIndirectInputEvents = YES;
				INFOPLIST_KEY_UILaunchScreen_Generation = YES;
				INFOPLIST_KEY_UIRequiresFullScreen = YES;
				INFOPLIST_KEY_UIStatusBarHidden = YES;
				INFOPLIST_KEY_UISupportedInterfaceOrientations = "UIInterfaceOrientationLandscapeLeft UIInterfaceOrientationLandscapeRight";
				"INFOPLIST_KEY_UISupportedInterfaceOrientations[sdk=iphoneos*]" = "UIInterfaceOrientationLandscapeLeft UIInterfaceOrientationLandscapeRight";
				LD_RUNPATH_SEARCH_PATHS = (
					"$(inherited)",
					"@executable_path/Frameworks",
				);
				MARKETING_VERSION = 1.3;
				PRODUCT_BUNDLE_IDENTIFIER = com.example.NeonSiege;
				PRODUCT_NAME = "$(TARGET_NAME)";
				SWIFT_EMIT_LOC_STRINGS = YES;
				SWIFT_VERSION = 5.0;
				TARGETED_DEVICE_FAMILY = "1,2";
			};
			name = Release;
		};
		BE0000000000000000000203 /* Debug */ = {
			isa = XCBuildConfiguration;
			buildSettings = {
				ASSETCATALOG_COMPILER_APPICON_NAME = AppIcon;
				CODE_SIGN_IDENTITY = "-";
				CODE_SIGN_STYLE = Automatic;
				COMBINE_HIDPI_IMAGES = YES;
				CURRENT_PROJECT_VERSION = 1;
				DEAD_CODE_STRIPPING = YES;
				DEVELOPMENT_TEAM = "";
				ENABLE_PREVIEWS = YES;
				GENERATE_INFOPLIST_FILE = YES;
				INFOPLIST_KEY_CFBundleDisplayName = NeonSiege;
				INFOPLIST_KEY_NSHumanReadableCopyright = "";
				LD_RUNPATH_SEARCH_PATHS = (
					"$(inherited)",
					"@executable_path/../Frameworks",
				);
				MACOSX_DEPLOYMENT_TARGET = 13.0;
				MARKETING_VERSION = 1.3;
				PRODUCT_BUNDLE_IDENTIFIER = com.example.NeonSiegeMac;
				PRODUCT_NAME = "$(TARGET_NAME)";
				SDKROOT = macosx;
				SWIFT_EMIT_LOC_STRINGS = YES;
				SWIFT_VERSION = 5.0;
			};
			name = Debug;
		};
		BE0000000000000000000204 /* Release */ = {
			isa = XCBuildConfiguration;
			buildSettings = {
				ASSETCATALOG_COMPILER_APPICON_NAME = AppIcon;
				CODE_SIGN_IDENTITY = "-";
				CODE_SIGN_STYLE = Automatic;
				COMBINE_HIDPI_IMAGES = YES;
				CURRENT_PROJECT_VERSION = 1;
				DEAD_CODE_STRIPPING = YES;
				DEVELOPMENT_TEAM = "";
				ENABLE_PREVIEWS = YES;
				GENERATE_INFOPLIST_FILE = YES;
				INFOPLIST_KEY_CFBundleDisplayName = NeonSiege;
				INFOPLIST_KEY_NSHumanReadableCopyright = "";
				LD_RUNPATH_SEARCH_PATHS = (
					"$(inherited)",
					"@executable_path/../Frameworks",
				);
				MACOSX_DEPLOYMENT_TARGET = 13.0;
				MARKETING_VERSION = 1.3;
				PRODUCT_BUNDLE_IDENTIFIER = com.example.NeonSiegeMac;
				PRODUCT_NAME = "$(TARGET_NAME)";
				SDKROOT = macosx;
				SWIFT_EMIT_LOC_STRINGS = YES;
				SWIFT_VERSION = 5.0;
			};
			name = Release;
		};
/* End XCBuildConfiguration section */

/* Begin XCConfigurationList section */
		BA0000000000000000000101 /* Build configuration list for PBXProject "NeonSiege" */ = {
			isa = XCConfigurationList;
			buildConfigurations = (
				BE0000000000000000000101 /* Debug */,
				BE0000000000000000000102 /* Release */,
			);
			defaultConfigurationIsVisible = 0;
			defaultConfigurationName = Release;
		};
		BA0000000000000000000102 /* Build configuration list for PBXNativeTarget "NeonSiege" */ = {
			isa = XCConfigurationList;
			buildConfigurations = (
				BE0000000000000000000103 /* Debug */,
				BE0000000000000000000104 /* Release */,
			);
			defaultConfigurationIsVisible = 0;
			defaultConfigurationName = Release;
		};
		BA0000000000000000000202 /* Build configuration list for PBXNativeTarget "NeonSiegeMac" */ = {
			isa = XCConfigurationList;
			buildConfigurations = (
				BE0000000000000000000203 /* Debug */,
				BE0000000000000000000204 /* Release */,
			);
			defaultConfigurationIsVisible = 0;
			defaultConfigurationName = Release;
		};
/* End XCConfigurationList section */
	};
	rootObject = BD0000000000000000000100 /* Project object */;
}
